
Microsoft Visual Studio Solution File, Format Version 12.00
# Visual Studio 2013
VisualStudioVersion = 12.0.21005.1
MinimumVisualStudioVersion = 10.0.40219.1
Project("{6141683F-8A12-4E36-9623-2EB02B2C2303}") = "SetupVerteilung", "SetupVerteilung\SetupVerteilung.isproj", "{BC3896F6-F575-4A58-8583-13DDE529504B}"
EndProject
Global
	GlobalSection(SolutionConfigurationPlatforms) = preSolution
		CD_ROM|Default = CD_ROM|Default
		DVD-5|Default = DVD-5|Default
		SingleImage|Default = SingleImage|Default
	EndGlobalSection
	GlobalSection(ProjectConfigurationPlatforms) = postSolution
		{BC3896F6-F575-4A58-8583-13DDE529504B}.CD_ROM|Default.ActiveCfg = CD_ROM
		{BC3896F6-F575-4A58-8583-13DDE529504B}.CD_ROM|Default.Build.0 = CD_ROM
		{BC3896F6-F575-4A58-8583-13DDE529504B}.DVD-5|Default.ActiveCfg = DVD-5
		{BC3896F6-F575-4A58-8583-13DDE529504B}.DVD-5|Default.Build.0 = DVD-5
		{BC3896F6-F575-4A58-8583-13DDE529504B}.SingleImage|Default.ActiveCfg = SingleImage
		{BC3896F6-F575-4A58-8583-13DDE529504B}.SingleImage|Default.Build.0 = SingleImage
	EndGlobalSection
	GlobalSection(SolutionProperties) = preSolution
		HideSolutionNode = FALSE
	EndGlobalSection
EndGlobal
